
Microsoft Visual Studio Solution File, Format Version 12.00
# Visual Studio 15
VisualStudioVersion = 15.0.27703.2018
MinimumVisualStudioVersion = 10.0.40219.1
Project("{9A19103F-16F7-4668-BE54-9A1E7A4F7556}") = "WebApp", "WebApp\WebApp.csproj", "{C253631B-C568-4219-AE1B-0F8FEDCFA39B}"
EndProject
Project("{00D1A9C2-B5F0-4AF3-8072-F6C62B433612}") = "WebApp.Database", "WebApp.Database\WebApp.Database.sqlproj", "{E329DEAF-3824-438D-92E3-912519D79930}"
EndProject
Project("{9A19103F-16F7-4668-BE54-9A1E7A4F7556}") = "WebApp.UnitTest", "WebApp.UnitTest\WebApp.UnitTest.csproj", "{DD134753-D2C9-4805-B4F5-FC26BDDBB496}"
EndProject
Project("{151D2E53-A2C4-4D7D-83FE-D05416EBD58E}") = "AzureResourceGroupDeployment", "AzureResourceGroupDeployment\AzureResourceGroupDeployment.deployproj", "{BFCF79CD-CFBD-4E44-A79F-B5C0E95F0F49}"
EndProject
Project("{FAE04EC0-301F-11D3-BF4B-00C04F79EFBC}") = "SeleniumUiTests", "SeleniumUiTests\SeleniumUiTests.csproj", "{655A2079-A99C-4539-99CC-FD772A0B10BA}"
EndProject
Global
	GlobalSection(SolutionConfigurationPlatforms) = preSolution
		Debug|Any CPU = Debug|Any CPU
		Release|Any CPU = Release|Any CPU
	EndGlobalSection
	GlobalSection(ProjectConfigurationPlatforms) = postSolution
		{C253631B-C568-4219-AE1B-0F8FEDCFA39B}.Debug|Any CPU.ActiveCfg = Debug|Any CPU
		{C253631B-C568-4219-AE1B-0F8FEDCFA39B}.Debug|Any CPU.Build.0 = Debug|Any CPU
		{C253631B-C568-4219-AE1B-0F8FEDCFA39B}.Release|Any CPU.ActiveCfg = Release|Any CPU
		{C253631B-C568-4219-AE1B-0F8FEDCFA39B}.Release|Any CPU.Build.0 = Release|Any CPU
		{E329DEAF-3824-438D-92E3-912519D79930}.Debug|Any CPU.ActiveCfg = Debug|Any CPU
		{E329DEAF-3824-438D-92E3-912519D79930}.Debug|Any CPU.Build.0 = Debug|Any CPU
		{E329DEAF-3824-438D-92E3-912519D79930}.Debug|Any CPU.Deploy.0 = Debug|Any CPU
		{E329DEAF-3824-438D-92E3-912519D79930}.Release|Any CPU.ActiveCfg = Release|Any CPU
		{E329DEAF-3824-438D-92E3-912519D79930}.Release|Any CPU.Build.0 = Release|Any CPU
		{E329DEAF-3824-438D-92E3-912519D79930}.Release|Any CPU.Deploy.0 = Release|Any CPU
		{DD134753-D2C9-4805-B4F5-FC26BDDBB496}.Debug|Any CPU.ActiveCfg = Debug|Any CPU
		{DD134753-D2C9-4805-B4F5-FC26BDDBB496}.Debug|Any CPU.Build.0 = Debug|Any CPU
		{DD134753-D2C9-4805-B4F5-FC26BDDBB496}.Release|Any CPU.ActiveCfg = Release|Any CPU
		{DD134753-D2C9-4805-B4F5-FC26BDDBB496}.Release|Any CPU.Build.0 = Release|Any CPU
		{BFCF79CD-CFBD-4E44-A79F-B5C0E95F0F49}.Debug|Any CPU.ActiveCfg = Debug|Any CPU
		{BFCF79CD-CFBD-4E44-A79F-B5C0E95F0F49}.Debug|Any CPU.Build.0 = Debug|Any CPU
		{BFCF79CD-CFBD-4E44-A79F-B5C0E95F0F49}.Release|Any CPU.ActiveCfg = Release|Any CPU
		{BFCF79CD-CFBD-4E44-A79F-B5C0E95F0F49}.Release|Any CPU.Build.0 = Release|Any CPU
		{655A2079-A99C-4539-99CC-FD772A0B10BA}.Debug|Any CPU.ActiveCfg = Debug|Any CPU
		{655A2079-A99C-4539-99CC-FD772A0B10BA}.Debug|Any CPU.Build.0 = Debug|Any CPU
		{655A2079-A99C-4539-99CC-FD772A0B10BA}.Release|Any CPU.ActiveCfg = Release|Any CPU
		{655A2079-A99C-4539-99CC-FD772A0B10BA}.Release|Any CPU.Build.0 = Release|Any CPU
	EndGlobalSection
	GlobalSection(SolutionProperties) = preSolution
		HideSolutionNode = FALSE
	EndGlobalSection
	GlobalSection(ExtensibilityGlobals) = postSolution
		SolutionGuid = {B2452F1D-AA1E-4FD9-A23E-90D6A4340776}
	EndGlobalSection
EndGlobal
